# This file is automatically @generated by Poetry 2.0.1 and should not be changed by hand.

[[package]]
name = "clovers"
version = "0.4.5"
description = ""
optional = false
python-versions = "<4.0.0,>=3.12"
groups = ["main"]
files = [
    {file = "clovers-0.4.5-py3-none-any.whl", hash = "sha256:3a4533e385dba1e061f55ac028f919ea39500dda81d563ecc2e92043b5c2f616"},
    {file = "clovers-0.4.5.tar.gz", hash = "sha256:54c4cc8848c9552b73e32aca1257294c7ac409f9fd6cd4d5715fc6d0c7d307c0"},
]

[package.dependencies]
toml = ">=0.10.2,<0.11.0"

[[package]]
name = "toml"
version = "0.10.2"
description = "Python Library for Tom's Obvious, Minimal Language"
optional = false
python-versions = ">=2.6, !=3.0.*, !=3.1.*, !=3.2.*"
groups = ["main"]
files = [
    {file = "toml-0.10.2-py2.py3-none-any.whl", hash = "sha256:806143ae5bfb6a3c6e736a764057db0e6a0e05e338b5630894a5f779cabb4f9b"},
    {file = "toml-0.10.2.tar.gz", hash = "sha256:b3bda1d108d5dd99f4a20d24d9c348e91c4db7ab1b749200bded2f839ccbe68f"},
]

[metadata]
lock-version = "2.1"
python-versions = ">=3.12,<4.0.0"
content-hash = "9486c2b88b93f04d960ad471b5206d4a689f4872ca3909b18b37ad90c7f74b76"
